// !$*UTF8*$!
{
	archiveVersion = 1;
	classes = {
	};
	objectVersion = 50;
	objects = {

/* Begin PBXBuildFile section */
		09B5641FC7D9CE437AC9B15D /* Pods_MyRearGuardHeartMonitor.framework in Frameworks */ = {isa = PBXBuildFile; fileRef = 2798EC9E3F069B82A320F04F /* Pods_MyRearGuardHeartMonitor.framework */; };
		CB5F644D702B09B00DCB2C3F /* Pods_MyRearGuardHeartRateMonitor.framework in Frameworks */ = {isa = PBXBuildFile; fileRef = 8B61F00EBCE5D8031C996157 /* Pods_MyRearGuardHeartRateMonitor.framework */; };
		F505DE7020B6EEDA00FE3B4D /* Default-568h@2x.png in Resources */ = {isa = PBXBuildFile; fileRef = F505DE6F20B6EEDA00FE3B4D /* Default-568h@2x.png */; };
		F543850220B46A44004F98AA /* SignInViewController.swift in Sources */ = {isa = PBXBuildFile; fileRef = F543850120B46A44004F98AA /* SignInViewController.swift */; };
		F543850420B6C1A4004F98AA /* Patient.swift in Sources */ = {isa = PBXBuildFile; fileRef = F543850320B6C1A4004F98AA /* Patient.swift */; };
		F547087E20AEE0220038377B /* AppDelegate.swift in Sources */ = {isa = PBXBuildFile; fileRef = F547087D20AEE0220038377B /* AppDelegate.swift */; };
		F547088320AEE0220038377B /* Main.storyboard in Resources */ = {isa = PBXBuildFile; fileRef = F547088120AEE0220038377B /* Main.storyboard */; };
		F547088520AEE0230038377B /* Assets.xcassets in Resources */ = {isa = PBXBuildFile; fileRef = F547088420AEE0230038377B /* Assets.xcassets */; };
		F547088820AEE0230038377B /* LaunchScreen.storyboard in Resources */ = {isa = PBXBuildFile; fileRef = F547088620AEE0230038377B /* LaunchScreen.storyboard */; };
		F547089320AEE0230038377B /* MyRearGuardHeartRateMonitorTests.swift in Sources */ = {isa = PBXBuildFile; fileRef = F547089220AEE0230038377B /* MyRearGuardHeartRateMonitorTests.swift */; };
		F547089E20AEE0230038377B /* MyRearGuardHeartRateMonitorUITests.swift in Sources */ = {isa = PBXBuildFile; fileRef = F547089D20AEE0230038377B /* MyRearGuardHeartRateMonitorUITests.swift */; };
		F54708B020AEE8EF0038377B /* HealthKit.framework in Frameworks */ = {isa = PBXBuildFile; fileRef = F54708AF20AEE8EF0038377B /* HealthKit.framework */; };
		F54708BA20AF0E010038377B /* MasterViewController.swift in Sources */ = {isa = PBXBuildFile; fileRef = F54708B920AF0E010038377B /* MasterViewController.swift */; };
		F54708BC20AF0E2A0038377B /* HealthKitSetupAssistant.swift in Sources */ = {isa = PBXBuildFile; fileRef = F54708BB20AF0E2A0038377B /* HealthKitSetupAssistant.swift */; };
		F54708F020B264ED0038377B /* ProfileDataStore.swift in Sources */ = {isa = PBXBuildFile; fileRef = F54708EF20B264ED0038377B /* ProfileDataStore.swift */; };
		F54708F420B27B960038377B /* ProfileViewController.swift in Sources */ = {isa = PBXBuildFile; fileRef = F54708F320B27B960038377B /* ProfileViewController.swift */; };
		F54708F620B281B50038377B /* UserHealthProfile.swift in Sources */ = {isa = PBXBuildFile; fileRef = F54708F520B281B40038377B /* UserHealthProfile.swift */; };
		F54708F820B284170038377B /* HKBiologicalSex+StringRepresentation.swift in Sources */ = {isa = PBXBuildFile; fileRef = F54708F720B284170038377B /* HKBiologicalSex+StringRepresentation.swift */; };
		F54708FA20B284240038377B /* HKBloodType+StringRepresentation.swift in Sources */ = {isa = PBXBuildFile; fileRef = F54708F920B284240038377B /* HKBloodType+StringRepresentation.swift */; };
		F54708FC20B38E290038377B /* HeartBeatViewController.swift in Sources */ = {isa = PBXBuildFile; fileRef = F54708FB20B38E290038377B /* HeartBeatViewController.swift */; };
		F547090220B40FAD0038377B /* GoogleService-Info.plist in Resources */ = {isa = PBXBuildFile; fileRef = F547090120B40FAD0038377B /* GoogleService-Info.plist */; };
		F547090420B4134B0038377B /* SignUpViewController.swift in Sources */ = {isa = PBXBuildFile; fileRef = F547090320B4134B0038377B /* SignUpViewController.swift */; };
/* End PBXBuildFile section */

/* Begin PBXContainerItemProxy section */
		F547088F20AEE0230038377B /* PBXContainerItemProxy */ = {
			isa = PBXContainerItemProxy;
			containerPortal = F547087220AEE0220038377B /* Project object */;
			proxyType = 1;
			remoteGlobalIDString = F547087920AEE0220038377B;
			remoteInfo = MyRearGuardHeartRateMonitor;
		};
		F547089A20AEE0230038377B /* PBXContainerItemProxy */ = {
			isa = PBXContainerItemProxy;
			containerPortal = F547087220AEE0220038377B /* Project object */;
			proxyType = 1;
			remoteGlobalIDString = F547087920AEE0220038377B;
			remoteInfo = MyRearGuardHeartRateMonitor;
		};
		F54708D520AF0E990038377B /* PBXContainerItemProxy */ = {
			isa = PBXContainerItemProxy;
			containerPortal = F547087220AEE0220038377B /* Project object */;
			proxyType = 1;
			remoteGlobalIDString = F54708C020AF0E980038377B;
			remoteInfo = MyRearGuardHeartMonitor;
		};
		F54708E020AF0E9A0038377B /* PBXContainerItemProxy */ = {
			isa = PBXContainerItemProxy;
			containerPortal = F547087220AEE0220038377B /* Project object */;
			proxyType = 1;
			remoteGlobalIDString = F54708C020AF0E980038377B;
			remoteInfo = MyRearGuardHeartMonitor;
		};
/* End PBXContainerItemProxy section */

/* Begin PBXFileReference section */
		2798EC9E3F069B82A320F04F /* Pods_MyRearGuardHeartMonitor.framework */ = {isa = PBXFileReference; explicitFileType = wrapper.framework; includeInIndex = 0; path = Pods_MyRearGuardHeartMonitor.framework; sourceTree = BUILT_PRODUCTS_DIR; };
		2EFF508A32BE4FB0787BDF39 /* Pods-MyRearGuardHeartMonitor.release.xcconfig */ = {isa = PBXFileReference; includeInIndex = 1; lastKnownFileType = text.xcconfig; name = "Pods-MyRearGuardHeartMonitor.release.xcconfig"; path = "Pods/Target Support Files/Pods-MyRearGuardHeartMonitor/Pods-MyRearGuardHeartMonitor.release.xcconfig"; sourceTree = "<group>"; };
		69A3AF797C3620671D745808 /* Pods-MyRearGuardHeartRateMonitor.debug.xcconfig */ = {isa = PBXFileReference; includeInIndex = 1; lastKnownFileType = text.xcconfig; name = "Pods-MyRearGuardHeartRateMonitor.debug.xcconfig"; path = "Pods/Target Support Files/Pods-MyRearGuardHeartRateMonitor/Pods-MyRearGuardHeartRateMonitor.debug.xcconfig"; sourceTree = "<group>"; };
		8B61F00EBCE5D8031C996157 /* Pods_MyRearGuardHeartRateMonitor.framework */ = {isa = PBXFileReference; explicitFileType = wrapper.framework; includeInIndex = 0; path = Pods_MyRearGuardHeartRateMonitor.framework; sourceTree = BUILT_PRODUCTS_DIR; };
		DCF3DEA343424EF0136578E8 /* Pods-MyRearGuardHeartRateMonitor.release.xcconfig */ = {isa = PBXFileReference; includeInIndex = 1; lastKnownFileType = text.xcconfig; name = "Pods-MyRearGuardHeartRateMonitor.release.xcconfig"; path = "Pods/Target Support Files/Pods-MyRearGuardHeartRateMonitor/Pods-MyRearGuardHeartRateMonitor.release.xcconfig"; sourceTree = "<group>"; };
		F505DE6F20B6EEDA00FE3B4D /* Default-568h@2x.png */ = {isa = PBXFileReference; lastKnownFileType = image.png; path = "Default-568h@2x.png"; sourceTree = "<group>"; };
		F543850120B46A44004F98AA /* SignInViewController.swift */ = {isa = PBXFileReference; lastKnownFileType = sourcecode.swift; path = SignInViewController.swift; sourceTree = "<group>"; };
		F543850320B6C1A4004F98AA /* Patient.swift */ = {isa = PBXFileReference; lastKnownFileType = sourcecode.swift; path = Patient.swift; sourceTree = "<group>"; };
		F547087A20AEE0220038377B /* MyRearGuardHeartRateMonitor.app */ = {isa = PBXFileReference; explicitFileType = wrapper.application; includeInIndex = 0; path = MyRearGuardHeartRateMonitor.app; sourceTree = BUILT_PRODUCTS_DIR; };
		F547087D20AEE0220038377B /* AppDelegate.swift */ = {isa = PBXFileReference; lastKnownFileType = sourcecode.swift; path = AppDelegate.swift; sourceTree = "<group>"; };
		F547088220AEE0220038377B /* Base */ = {isa = PBXFileReference; lastKnownFileType = file.storyboard; name = Base; path = Base.lproj/Main.storyboard; sourceTree = "<group>"; };
		F547088420AEE0230038377B /* Assets.xcassets */ = {isa = PBXFileReference; lastKnownFileType = folder.assetcatalog; path = Assets.xcassets; sourceTree = "<group>"; };
		F547088720AEE0230038377B /* Base */ = {isa = PBXFileReference; lastKnownFileType = file.storyboard; name = Base; path = Base.lproj/LaunchScreen.storyboard; sourceTree = "<group>"; };
		F547088920AEE0230038377B /* Info.plist */ = {isa = PBXFileReference; lastKnownFileType = text.plist.xml; path = Info.plist; sourceTree = "<group>"; };
		F547088E20AEE0230038377B /* MyRearGuardHeartRateMonitorTests.xctest */ = {isa = PBXFileReference; explicitFileType = wrapper.cfbundle; includeInIndex = 0; path = MyRearGuardHeartRateMonitorTests.xctest; sourceTree = BUILT_PRODUCTS_DIR; };
		F547089220AEE0230038377B /* MyRearGuardHeartRateMonitorTests.swift */ = {isa = PBXFileReference; lastKnownFileType = sourcecode.swift; path = MyRearGuardHeartRateMonitorTests.swift; sourceTree = "<group>"; };
		F547089420AEE0230038377B /* Info.plist */ = {isa = PBXFileReference; lastKnownFileType = text.plist.xml; path = Info.plist; sourceTree = "<group>"; };
		F547089920AEE0230038377B /* MyRearGuardHeartRateMonitorUITests.xctest */ = {isa = PBXFileReference; explicitFileType = wrapper.cfbundle; includeInIndex = 0; path = MyRearGuardHeartRateMonitorUITests.xctest; sourceTree = BUILT_PRODUCTS_DIR; };
		F547089D20AEE0230038377B /* MyRearGuardHeartRateMonitorUITests.swift */ = {isa = PBXFileReference; lastKnownFileType = sourcecode.swift; path = MyRearGuardHeartRateMonitorUITests.swift; sourceTree = "<group>"; };
		F547089F20AEE0230038377B /* Info.plist */ = {isa = PBXFileReference; lastKnownFileType = text.plist.xml; path = Info.plist; sourceTree = "<group>"; };
		F54708AE20AEE8E50038377B /* MyRearGuardHeartRateMonitor.entitlements */ = {isa = PBXFileReference; lastKnownFileType = text.plist.entitlements; path = MyRearGuardHeartRateMonitor.entitlements; sourceTree = "<group>"; };
		F54708AF20AEE8EF0038377B /* HealthKit.framework */ = {isa = PBXFileReference; lastKnownFileType = wrapper.framework; name = HealthKit.framework; path = System/Library/Frameworks/HealthKit.framework; sourceTree = SDKROOT; };
		F54708B920AF0E010038377B /* MasterViewController.swift */ = {isa = PBXFileReference; fileEncoding = 4; lastKnownFileType = sourcecode.swift; path = MasterViewController.swift; sourceTree = "<group>"; };
		F54708BB20AF0E2A0038377B /* HealthKitSetupAssistant.swift */ = {isa = PBXFileReference; fileEncoding = 4; lastKnownFileType = sourcecode.swift; path = HealthKitSetupAssistant.swift; sourceTree = "<group>"; };
		F54708C120AF0E980038377B /* MyRearGuardHeartMonitor.app */ = {isa = PBXFileReference; explicitFileType = wrapper.application; includeInIndex = 0; path = MyRearGuardHeartMonitor.app; sourceTree = BUILT_PRODUCTS_DIR; };
		F54708D420AF0E990038377B /* MyRearGuardHeartMonitorTests.xctest */ = {isa = PBXFileReference; explicitFileType = wrapper.cfbundle; includeInIndex = 0; path = MyRearGuardHeartMonitorTests.xctest; sourceTree = BUILT_PRODUCTS_DIR; };
		F54708DF20AF0E990038377B /* MyRearGuardHeartMonitorUITests.xctest */ = {isa = PBXFileReference; explicitFileType = wrapper.cfbundle; includeInIndex = 0; path = MyRearGuardHeartMonitorUITests.xctest; sourceTree = BUILT_PRODUCTS_DIR; };
		F54708EF20B264ED0038377B /* ProfileDataStore.swift */ = {isa = PBXFileReference; fileEncoding = 4; lastKnownFileType = sourcecode.swift; path = ProfileDataStore.swift; sourceTree = "<group>"; };
		F54708F320B27B960038377B /* ProfileViewController.swift */ = {isa = PBXFileReference; fileEncoding = 4; lastKnownFileType = sourcecode.swift; path = ProfileViewController.swift; sourceTree = "<group>"; };
		F54708F520B281B40038377B /* UserHealthProfile.swift */ = {isa = PBXFileReference; fileEncoding = 4; lastKnownFileType = sourcecode.swift; path = UserHealthProfile.swift; sourceTree = "<group>"; };
		F54708F720B284170038377B /* HKBiologicalSex+StringRepresentation.swift */ = {isa = PBXFileReference; fileEncoding = 4; lastKnownFileType = sourcecode.swift; path = "HKBiologicalSex+StringRepresentation.swift"; sourceTree = "<group>"; };
		F54708F920B284240038377B /* HKBloodType+StringRepresentation.swift */ = {isa = PBXFileReference; fileEncoding = 4; lastKnownFileType = sourcecode.swift; path = "HKBloodType+StringRepresentation.swift"; sourceTree = "<group>"; };
		F54708FB20B38E290038377B /* HeartBeatViewController.swift */ = {isa = PBXFileReference; lastKnownFileType = sourcecode.swift; path = HeartBeatViewController.swift; sourceTree = "<group>"; };
		F547090120B40FAD0038377B /* GoogleService-Info.plist */ = {isa = PBXFileReference; fileEncoding = 4; lastKnownFileType = text.plist.xml; path = "GoogleService-Info.plist"; sourceTree = "<group>"; };
		F547090320B4134B0038377B /* SignUpViewController.swift */ = {isa = PBXFileReference; lastKnownFileType = sourcecode.swift; path = SignUpViewController.swift; sourceTree = "<group>"; };
		FB420A3CBEB25EB144C884C9 /* Pods-MyRearGuardHeartMonitor.debug.xcconfig */ = {isa = PBXFileReference; includeInIndex = 1; lastKnownFileType = text.xcconfig; name = "Pods-MyRearGuardHeartMonitor.debug.xcconfig"; path = "Pods/Target Support Files/Pods-MyRearGuardHeartMonitor/Pods-MyRearGuardHeartMonitor.debug.xcconfig"; sourceTree = "<group>"; };
/* End PBXFileReference section */

/* Begin PBXFrameworksBuildPhase section */
		F547087720AEE0220038377B /* Frameworks */ = {
			isa = PBXFrameworksBuildPhase;
			buildActionMask = 2147483647;
			files = (
				F54708B020AEE8EF0038377B /* HealthKit.framework in Frameworks */,
				CB5F644D702B09B00DCB2C3F /* Pods_MyRearGuardHeartRateMonitor.framework in Frameworks */,
			);
			runOnlyForDeploymentPostprocessing = 0;
		};
		F547088B20AEE0230038377B /* Frameworks */ = {
			isa = PBXFrameworksBuildPhase;
			buildActionMask = 2147483647;
			files = (
			);
			runOnlyForDeploymentPostprocessing = 0;
		};
		F547089620AEE0230038377B /* Frameworks */ = {
			isa = PBXFrameworksBuildPhase;
			buildActionMask = 2147483647;
			files = (
			);
			runOnlyForDeploymentPostprocessing = 0;
		};
		F54708BE20AF0E980038377B /* Frameworks */ = {
			isa = PBXFrameworksBuildPhase;
			buildActionMask = 2147483647;
			files = (
				09B5641FC7D9CE437AC9B15D /* Pods_MyRearGuardHeartMonitor.framework in Frameworks */,
			);
			runOnlyForDeploymentPostprocessing = 0;
		};
		F54708D120AF0E990038377B /* Frameworks */ = {
			isa = PBXFrameworksBuildPhase;
			buildActionMask = 2147483647;
			files = (
			);
			runOnlyForDeploymentPostprocessing = 0;
		};
		F54708DC20AF0E990038377B /* Frameworks */ = {
			isa = PBXFrameworksBuildPhase;
			buildActionMask = 2147483647;
			files = (
			);
			runOnlyForDeploymentPostprocessing = 0;
		};
/* End PBXFrameworksBuildPhase section */

/* Begin PBXGroup section */
		C7866F56DAA43F884E6C6CC2 /* Pods */ = {
			isa = PBXGroup;
			children = (
				FB420A3CBEB25EB144C884C9 /* Pods-MyRearGuardHeartMonitor.debug.xcconfig */,
				2EFF508A32BE4FB0787BDF39 /* Pods-MyRearGuardHeartMonitor.release.xcconfig */,
				69A3AF797C3620671D745808 /* Pods-MyRearGuardHeartRateMonitor.debug.xcconfig */,
				DCF3DEA343424EF0136578E8 /* Pods-MyRearGuardHeartRateMonitor.release.xcconfig */,
			);
			name = Pods;
			sourceTree = "<group>";
		};
		F547087120AEE0220038377B = {
			isa = PBXGroup;
			children = (
				F505DE6F20B6EEDA00FE3B4D /* Default-568h@2x.png */,
				F547087C20AEE0220038377B /* MyRearGuardHeartRateMonitor */,
				F547089120AEE0230038377B /* MyRearGuardHeartRateMonitorTests */,
				F547089C20AEE0230038377B /* MyRearGuardHeartRateMonitorUITests */,
				F547087B20AEE0220038377B /* Products */,
				F54708AB20AEE8E50038377B /* Frameworks */,
				C7866F56DAA43F884E6C6CC2 /* Pods */,
			);
			sourceTree = "<group>";
		};
		F547087B20AEE0220038377B /* Products */ = {
			isa = PBXGroup;
			children = (
				F547087A20AEE0220038377B /* MyRearGuardHeartRateMonitor.app */,
				F547088E20AEE0230038377B /* MyRearGuardHeartRateMonitorTests.xctest */,
				F547089920AEE0230038377B /* MyRearGuardHeartRateMonitorUITests.xctest */,
				F54708C120AF0E980038377B /* MyRearGuardHeartMonitor.app */,
				F54708D420AF0E990038377B /* MyRearGuardHeartMonitorTests.xctest */,
				F54708DF20AF0E990038377B /* MyRearGuardHeartMonitorUITests.xctest */,
			);
			name = Products;
			sourceTree = "<group>";
		};
		F547087C20AEE0220038377B /* MyRearGuardHeartRateMonitor */ = {
			isa = PBXGroup;
			children = (
				F54708AE20AEE8E50038377B /* MyRearGuardHeartRateMonitor.entitlements */,
				F547087D20AEE0220038377B /* AppDelegate.swift */,
				F54708BB20AF0E2A0038377B /* HealthKitSetupAssistant.swift */,
				F54708B920AF0E010038377B /* MasterViewController.swift */,
				F54708F320B27B960038377B /* ProfileViewController.swift */,
				F54708F920B284240038377B /* HKBloodType+StringRepresentation.swift */,
				F54708F520B281B40038377B /* UserHealthProfile.swift */,
				F54708F720B284170038377B /* HKBiologicalSex+StringRepresentation.swift */,
				F54708EF20B264ED0038377B /* ProfileDataStore.swift */,
				F547088120AEE0220038377B /* Main.storyboard */,
				F54708FB20B38E290038377B /* HeartBeatViewController.swift */,
				F543850320B6C1A4004F98AA /* Patient.swift */,
				F543850120B46A44004F98AA /* SignInViewController.swift */,
				F547088420AEE0230038377B /* Assets.xcassets */,
				F547090320B4134B0038377B /* SignUpViewController.swift */,
				F547088620AEE0230038377B /* LaunchScreen.storyboard */,
				F547088920AEE0230038377B /* Info.plist */,
				F547090120B40FAD0038377B /* GoogleService-Info.plist */,
			);
			path = MyRearGuardHeartRateMonitor;
			sourceTree = "<group>";
		};
		F547089120AEE0230038377B /* MyRearGuardHeartRateMonitorTests */ = {
			isa = PBXGroup;
			children = (
				F547089220AEE0230038377B /* MyRearGuardHeartRateMonitorTests.swift */,
				F547089420AEE0230038377B /* Info.plist */,
			);
			path = MyRearGuardHeartRateMonitorTests;
			sourceTree = "<group>";
		};
		F547089C20AEE0230038377B /* MyRearGuardHeartRateMonitorUITests */ = {
			isa = PBXGroup;
			children = (
				F547089D20AEE0230038377B /* MyRearGuardHeartRateMonitorUITests.swift */,
				F547089F20AEE0230038377B /* Info.plist */,
			);
			path = MyRearGuardHeartRateMonitorUITests;
			sourceTree = "<group>";
		};
		F54708AB20AEE8E50038377B /* Frameworks */ = {
			isa = PBXGroup;
			children = (
				F54708AF20AEE8EF0038377B /* HealthKit.framework */,
				2798EC9E3F069B82A320F04F /* Pods_MyRearGuardHeartMonitor.framework */,
				8B61F00EBCE5D8031C996157 /* Pods_MyRearGuardHeartRateMonitor.framework */,
			);
			name = Frameworks;
			sourceTree = "<group>";
		};
/* End PBXGroup section */

/* Begin PBXNativeTarget section */
		F547087920AEE0220038377B /* MyRearGuardHeartRateMonitor */ = {
			isa = PBXNativeTarget;
			buildConfigurationList = F54708A220AEE0230038377B /* Build configuration list for PBXNativeTarget "MyRearGuardHeartRateMonitor" */;
			buildPhases = (
				4A0BF9254730C0E626731C7B /* [CP] Check Pods Manifest.lock */,
				F547087620AEE0220038377B /* Sources */,
				F547087720AEE0220038377B /* Frameworks */,
				F547087820AEE0220038377B /* Resources */,
				2BE41535273D82D475159279 /* [CP] Embed Pods Frameworks */,
			);
			buildRules = (
			);
			dependencies = (
			);
			name = MyRearGuardHeartRateMonitor;
			productName = MyRearGuardHeartRateMonitor;
			productReference = F547087A20AEE0220038377B /* MyRearGuardHeartRateMonitor.app */;
			productType = "com.apple.product-type.application";
		};
		F547088D20AEE0230038377B /* MyRearGuardHeartRateMonitorTests */ = {
			isa = PBXNativeTarget;
			buildConfigurationList = F54708A520AEE0230038377B /* Build configuration list for PBXNativeTarget "MyRearGuardHeartRateMonitorTests" */;
			buildPhases = (
				F547088A20AEE0230038377B /* Sources */,
				F547088B20AEE0230038377B /* Frameworks */,
				F547088C20AEE0230038377B /* Resources */,
			);
			buildRules = (
			);
			dependencies = (
				F547089020AEE0230038377B /* PBXTargetDependency */,
			);
			name = MyRearGuardHeartRateMonitorTests;
			productName = MyRearGuardHeartRateMonitorTests;
			productReference = F547088E20AEE0230038377B /* MyRearGuardHeartRateMonitorTests.xctest */;
			productType = "com.apple.product-type.bundle.unit-test";
		};
		F547089820AEE0230038377B /* MyRearGuardHeartRateMonitorUITests */ = {
			isa = PBXNativeTarget;
			buildConfigurationList = F54708A820AEE0230038377B /* Build configuration list for PBXNativeTarget "MyRearGuardHeartRateMonitorUITests" */;
			buildPhases = (
				F547089520AEE0230038377B /* Sources */,
				F547089620AEE0230038377B /* Frameworks */,
				F547089720AEE0230038377B /* Resources */,
			);
			buildRules = (
			);
			dependencies = (
				F547089B20AEE0230038377B /* PBXTargetDependency */,
			);
			name = MyRearGuardHeartRateMonitorUITests;
			productName = MyRearGuardHeartRateMonitorUITests;
			productReference = F547089920AEE0230038377B /* MyRearGuardHeartRateMonitorUITests.xctest */;
			productType = "com.apple.product-type.bundle.ui-testing";
		};
		F54708C020AF0E980038377B /* MyRearGuardHeartMonitor */ = {
			isa = PBXNativeTarget;
			buildConfigurationList = F54708E620AF0E9A0038377B /* Build configuration list for PBXNativeTarget "MyRearGuardHeartMonitor" */;
			buildPhases = (
				4FC278E66E7EEB9CAAED7D15 /* [CP] Check Pods Manifest.lock */,
				F54708BD20AF0E980038377B /* Sources */,
				F54708BE20AF0E980038377B /* Frameworks */,
				F54708BF20AF0E980038377B /* Resources */,
				30EBE7A6EC6CDE5B155F5E1C /* [CP] Embed Pods Frameworks */,
			);
			buildRules = (
			);
			dependencies = (
			);
			name = MyRearGuardHeartMonitor;
			productName = MyRearGuardHeartMonitor;
			productReference = F54708C120AF0E980038377B /* MyRearGuardHeartMonitor.app */;
			productType = "com.apple.product-type.application";
		};
		F54708D320AF0E990038377B /* MyRearGuardHeartMonitorTests */ = {
			isa = PBXNativeTarget;
			buildConfigurationList = F54708E920AF0E9A0038377B /* Build configuration list for PBXNativeTarget "MyRearGuardHeartMonitorTests" */;
			buildPhases = (
				F54708D020AF0E990038377B /* Sources */,
				F54708D120AF0E990038377B /* Frameworks */,
				F54708D220AF0E990038377B /* Resources */,
			);
			buildRules = (
			);
			dependencies = (
				F54708D620AF0E990038377B /* PBXTargetDependency */,
			);
			name = MyRearGuardHeartMonitorTests;
			productName = MyRearGuardHeartMonitorTests;
			productReference = F54708D420AF0E990038377B /* MyRearGuardHeartMonitorTests.xctest */;
			productType = "com.apple.product-type.bundle.unit-test";
		};
		F54708DE20AF0E990038377B /* MyRearGuardHeartMonitorUITests */ = {
			isa = PBXNativeTarget;
			buildConfigurationList = F54708EC20AF0E9A0038377B /* Build configuration list for PBXNativeTarget "MyRearGuardHeartMonitorUITests" */;
			buildPhases = (
				F54708DB20AF0E990038377B /* Sources */,
				F54708DC20AF0E990038377B /* Frameworks */,
				F54708DD20AF0E990038377B /* Resources */,
			);
			buildRules = (
			);
			dependencies = (
				F54708E120AF0E9A0038377B /* PBXTargetDependency */,
			);
			name = MyRearGuardHeartMonitorUITests;
			productName = MyRearGuardHeartMonitorUITests;
			productReference = F54708DF20AF0E990038377B /* MyRearGuardHeartMonitorUITests.xctest */;
			productType = "com.apple.product-type.bundle.ui-testing";
		};
/* End PBXNativeTarget section */

/* Begin PBXProject section */
		F547087220AEE0220038377B /* Project object */ = {
			isa = PBXProject;
			attributes = {
				LastSwiftUpdateCheck = 0930;
				LastUpgradeCheck = 0930;
				ORGANIZATIONNAME = "Ashish Khadka";
				TargetAttributes = {
					F547087920AEE0220038377B = {
						CreatedOnToolsVersion = 9.3;
						SystemCapabilities = {
							com.apple.HealthKit = {
								enabled = 1;
							};
						};
					};
					F547088D20AEE0230038377B = {
						CreatedOnToolsVersion = 9.3;
						TestTargetID = F547087920AEE0220038377B;
					};
					F547089820AEE0230038377B = {
						CreatedOnToolsVersion = 9.3;
						TestTargetID = F547087920AEE0220038377B;
					};
					F54708C020AF0E980038377B = {
						CreatedOnToolsVersion = 9.3;
					};
					F54708D320AF0E990038377B = {
						CreatedOnToolsVersion = 9.3;
						TestTargetID = F54708C020AF0E980038377B;
					};
					F54708DE20AF0E990038377B = {
						CreatedOnToolsVersion = 9.3;
						TestTargetID = F54708C020AF0E980038377B;
					};
				};
			};
			buildConfigurationList = F547087520AEE0220038377B /* Build configuration list for PBXProject "MyRearGuardHeartRateMonitor" */;
			compatibilityVersion = "Xcode 9.3";
			developmentRegion = en;
			hasScannedForEncodings = 0;
			knownRegions = (
				en,
				Base,
			);
			mainGroup = F547087120AEE0220038377B;
			productRefGroup = F547087B20AEE0220038377B /* Products */;
			projectDirPath = "";
			projectRoot = "";
			targets = (
				F547087920AEE0220038377B /* MyRearGuardHeartRateMonitor */,
				F547088D20AEE0230038377B /* MyRearGuardHeartRateMonitorTests */,
				F547089820AEE0230038377B /* MyRearGuardHeartRateMonitorUITests */,
				F54708C020AF0E980038377B /* MyRearGuardHeartMonitor */,
				F54708D320AF0E990038377B /* MyRearGuardHeartMonitorTests */,
				F54708DE20AF0E990038377B /* MyRearGuardHeartMonitorUITests */,
			);
		};
/* End PBXProject section */

/* Begin PBXResourcesBuildPhase section */
		F547087820AEE0220038377B /* Resources */ = {
			isa = PBXResourcesBuildPhase;
			buildActionMask = 2147483647;
			files = (
				F547088820AEE0230038377B /* LaunchScreen.storyboard in Resources */,
				F547090220B40FAD0038377B /* GoogleService-Info.plist in Resources */,
				F547088520AEE0230038377B /* Assets.xcassets in Resources */,
				F547088320AEE0220038377B /* Main.storyboard in Resources */,
			);
			runOnlyForDeploymentPostprocessing = 0;
		};
		F547088C20AEE0230038377B /* Resources */ = {
			isa = PBXResourcesBuildPhase;
			buildActionMask = 2147483647;
			files = (
			);
			runOnlyForDeploymentPostprocessing = 0;
		};
		F547089720AEE0230038377B /* Resources */ = {
			isa = PBXResourcesBuildPhase;
			buildActionMask = 2147483647;
			files = (
			);
			runOnlyForDeploymentPostprocessing = 0;
		};
		F54708BF20AF0E980038377B /* Resources */ = {
			isa = PBXResourcesBuildPhase;
			buildActionMask = 2147483647;
			files = (
				F505DE7020B6EEDA00FE3B4D /* Default-568h@2x.png in Resources */,
			);
			runOnlyForDeploymentPostprocessing = 0;
		};
		F54708D220AF0E990038377B /* Resources */ = {
			isa = PBXResourcesBuildPhase;
			buildActionMask = 2147483647;
			files = (
			);
			runOnlyForDeploymentPostprocessing = 0;
		};
		F54708DD20AF0E990038377B /* Resources */ = {
			isa = PBXResourcesBuildPhase;
			buildActionMask = 2147483647;
			files = (
			);
			runOnlyForDeploymentPostprocessing = 0;
		};
/* End PBXResourcesBuildPhase section */

/* Begin PBXShellScriptBuildPhase section */
		2BE41535273D82D475159279 /* [CP] Embed Pods Frameworks */ = {
			isa = PBXShellScriptBuildPhase;
			buildActionMask = 2147483647;
			files = (
			);
			inputPaths = (
				"${SRCROOT}/Pods/Target Support Files/Pods-MyRearGuardHeartRateMonitor/Pods-MyRearGuardHeartRateMonitor-frameworks.sh",
				"${BUILT_PRODUCTS_DIR}/GTMSessionFetcher/GTMSessionFetcher.framework",
				"${BUILT_PRODUCTS_DIR}/GoogleToolboxForMac/GoogleToolboxForMac.framework",
				"${BUILT_PRODUCTS_DIR}/SwiftKeychainWrapper/SwiftKeychainWrapper.framework",
				"${BUILT_PRODUCTS_DIR}/leveldb-library/leveldb.framework",
				"${BUILT_PRODUCTS_DIR}/nanopb/nanopb.framework",
			);
			name = "[CP] Embed Pods Frameworks";
			outputPaths = (
				"${TARGET_BUILD_DIR}/${FRAMEWORKS_FOLDER_PATH}/GTMSessionFetcher.framework",
				"${TARGET_BUILD_DIR}/${FRAMEWORKS_FOLDER_PATH}/GoogleToolboxForMac.framework",
				"${TARGET_BUILD_DIR}/${FRAMEWORKS_FOLDER_PATH}/SwiftKeychainWrapper.framework",
				"${TARGET_BUILD_DIR}/${FRAMEWORKS_FOLDER_PATH}/leveldb.framework",
				"${TARGET_BUILD_DIR}/${FRAMEWORKS_FOLDER_PATH}/nanopb.framework",
			);
			runOnlyForDeploymentPostprocessing = 0;
			shellPath = /bin/sh;
			shellScript = "\"${SRCROOT}/Pods/Target Support Files/Pods-MyRearGuardHeartRateMonitor/Pods-MyRearGuardHeartRateMonitor-frameworks.sh\"\n";
			showEnvVarsInLog = 0;
		};
		30EBE7A6EC6CDE5B155F5E1C /* [CP] Embed Pods Frameworks */ = {
			isa = PBXShellScriptBuildPhase;
			buildActionMask = 2147483647;
			files = (
			);
			inputPaths = (
				"${SRCROOT}/Pods/Target Support Files/Pods-MyRearGuardHeartMonitor/Pods-MyRearGuardHeartMonitor-frameworks.sh",
				"${BUILT_PRODUCTS_DIR}/GTMSessionFetcher/GTMSessionFetcher.framework",
				"${BUILT_PRODUCTS_DIR}/GoogleToolboxForMac/GoogleToolboxForMac.framework",
				"${BUILT_PRODUCTS_DIR}/SwiftKeychainWrapper/SwiftKeychainWrapper.framework",
				"${BUILT_PRODUCTS_DIR}/leveldb-library/leveldb.framework",
				"${BUILT_PRODUCTS_DIR}/nanopb/nanopb.framework",
			);
			name = "[CP] Embed Pods Frameworks";
			outputPaths = (
				"${TARGET_BUILD_DIR}/${FRAMEWORKS_FOLDER_PATH}/GTMSessionFetcher.framework",
				"${TARGET_BUILD_DIR}/${FRAMEWORKS_FOLDER_PATH}/GoogleToolboxForMac.framework",
				"${TARGET_BUILD_DIR}/${FRAMEWORKS_FOLDER_PATH}/SwiftKeychainWrapper.framework",
				"${TARGET_BUILD_DIR}/${FRAMEWORKS_FOLDER_PATH}/leveldb.framework",
				"${TARGET_BUILD_DIR}/${FRAMEWORKS_FOLDER_PATH}/nanopb.framework",
			);
			runOnlyForDeploymentPostprocessing = 0;
			shellPath = /bin/sh;
			shellScript = "\"${SRCROOT}/Pods/Target Support Files/Pods-MyRearGuardHeartMonitor/Pods-MyRearGuardHeartMonitor-frameworks.sh\"\n";
			showEnvVarsInLog = 0;
		};
		4A0BF9254730C0E626731C7B /* [CP] Check Pods Manifest.lock */ = {
			isa = PBXShellScriptBuildPhase;
			buildActionMask = 2147483647;
			files = (
			);
			inputPaths = (
				"${PODS_PODFILE_DIR_PATH}/Podfile.lock",
				"${PODS_ROOT}/Manifest.lock",
			);
			name = "[CP] Check Pods Manifest.lock";
			outputPaths = (
				"$(DERIVED_FILE_DIR)/Pods-MyRearGuardHeartRateMonitor-checkManifestLockResult.txt",
			);
			runOnlyForDeploymentPostprocessing = 0;
			shellPath = /bin/sh;
			shellScript = "diff \"${PODS_PODFILE_DIR_PATH}/Podfile.lock\" \"${PODS_ROOT}/Manifest.lock\" > /dev/null\nif [ $? != 0 ] ; then\n    # print error to STDERR\n    echo \"error: The sandbox is not in sync with the Podfile.lock. Run 'pod install' or update your CocoaPods installation.\" >&2\n    exit 1\nfi\n# This output is used by Xcode 'outputs' to avoid re-running this script phase.\necho \"SUCCESS\" > \"${SCRIPT_OUTPUT_FILE_0}\"\n";
			showEnvVarsInLog = 0;
		};
		4FC278E66E7EEB9CAAED7D15 /* [CP] Check Pods Manifest.lock */ = {
			isa = PBXShellScriptBuildPhase;
			buildActionMask = 2147483647;
			files = (
			);
			inputPaths = (
				"${PODS_PODFILE_DIR_PATH}/Podfile.lock",
				"${PODS_ROOT}/Manifest.lock",
			);
			name = "[CP] Check Pods Manifest.lock";
			outputPaths = (
				"$(DERIVED_FILE_DIR)/Pods-MyRearGuardHeartMonitor-checkManifestLockResult.txt",
			);
			runOnlyForDeploymentPostprocessing = 0;
			shellPath = /bin/sh;
			shellScript = "diff \"${PODS_PODFILE_DIR_PATH}/Podfile.lock\" \"${PODS_ROOT}/Manifest.lock\" > /dev/null\nif [ $? != 0 ] ; then\n    # print error to STDERR\n    echo \"error: The sandbox is not in sync with the Podfile.lock. Run 'pod install' or update your CocoaPods installation.\" >&2\n    exit 1\nfi\n# This output is used by Xcode 'outputs' to avoid re-running this script phase.\necho \"SUCCESS\" > \"${SCRIPT_OUTPUT_FILE_0}\"\n";
			showEnvVarsInLog = 0;
		};
/* End PBXShellScriptBuildPhase section */

/* Begin PBXSourcesBuildPhase section */
		F547087620AEE0220038377B /* Sources */ = {
			isa = PBXSourcesBuildPhase;
			buildActionMask = 2147483647;
			files = (
				F543850220B46A44004F98AA /* SignInViewController.swift in Sources */,
				F547090420B4134B0038377B /* SignUpViewController.swift in Sources */,
				F543850420B6C1A4004F98AA /* Patient.swift in Sources */,
				F54708F620B281B50038377B /* UserHealthProfile.swift in Sources */,
				F54708F420B27B960038377B /* ProfileViewController.swift in Sources */,
				F54708F820B284170038377B /* HKBiologicalSex+StringRepresentation.swift in Sources */,
				F54708BA20AF0E010038377B /* MasterViewController.swift in Sources */,
				F54708F020B264ED0038377B /* ProfileDataStore.swift in Sources */,
				F54708BC20AF0E2A0038377B /* HealthKitSetupAssistant.swift in Sources */,
				F54708FC20B38E290038377B /* HeartBeatViewController.swift in Sources */,
				F54708FA20B284240038377B /* HKBloodType+StringRepresentation.swift in Sources */,
				F547087E20AEE0220038377B /* AppDelegate.swift in Sources */,
			);
			runOnlyForDeploymentPostprocessing = 0;
		};
		F547088A20AEE0230038377B /* Sources */ = {
			isa = PBXSourcesBuildPhase;
			buildActionMask = 2147483647;
			files = (
				F547089320AEE0230038377B /* MyRearGuardHeartRateMonitorTests.swift in Sources */,
			);
			runOnlyForDeploymentPostprocessing = 0;
		};
		F547089520AEE0230038377B /* Sources */ = {
			isa = PBXSourcesBuildPhase;
			buildActionMask = 2147483647;
			files = (
				F547089E20AEE0230038377B /* MyRearGuardHeartRateMonitorUITests.swift in Sources */,
			);
			runOnlyForDeploymentPostprocessing = 0;
		};
		F54708BD20AF0E980038377B /* Sources */ = {
			isa = PBXSourcesBuildPhase;
			buildActionMask = 2147483647;
			files = (
			);
			runOnlyForDeploymentPostprocessing = 0;
		};
		F54708D020AF0E990038377B /* Sources */ = {
			isa = PBXSourcesBuildPhase;
			buildActionMask = 2147483647;
			files = (
			);
			runOnlyForDeploymentPostprocessing = 0;
		};
		F54708DB20AF0E990038377B /* Sources */ = {
			isa = PBXSourcesBuildPhase;
			buildActionMask = 2147483647;
			files = (
			);
			runOnlyForDeploymentPostprocessing = 0;
		};
/* End PBXSourcesBuildPhase section */

/* Begin PBXTargetDependency section */
		F547089020AEE0230038377B /* PBXTargetDependency */ = {
			isa = PBXTargetDependency;
			target = F547087920AEE0220038377B /* MyRearGuardHeartRateMonitor */;
			targetProxy = F547088F20AEE0230038377B /* PBXContainerItemProxy */;
		};
		F547089B20AEE0230038377B /* PBXTargetDependency */ = {
			isa = PBXTargetDependency;
			target = F547087920AEE0220038377B /* MyRearGuardHeartRateMonitor */;
			targetProxy = F547089A20AEE0230038377B /* PBXContainerItemProxy */;
		};
		F54708D620AF0E990038377B /* PBXTargetDependency */ = {
			isa = PBXTargetDependency;
			target = F54708C020AF0E980038377B /* MyRearGuardHeartMonitor */;
			targetProxy = F54708D520AF0E990038377B /* PBXContainerItemProxy */;
		};
		F54708E120AF0E9A0038377B /* PBXTargetDependency */ = {
			isa = PBXTargetDependency;
			target = F54708C020AF0E980038377B /* MyRearGuardHeartMonitor */;
			targetProxy = F54708E020AF0E9A0038377B /* PBXContainerItemProxy */;
		};
/* End PBXTargetDependency section */

/* Begin PBXVariantGroup section */
		F547088120AEE0220038377B /* Main.storyboard */ = {
			isa = PBXVariantGroup;
			children = (
				F547088220AEE0220038377B /* Base */,
			);
			name = Main.storyboard;
			sourceTree = "<group>";
		};
		F547088620AEE0230038377B /* LaunchScreen.storyboard */ = {
			isa = PBXVariantGroup;
			children = (
				F547088720AEE0230038377B /* Base */,
			);
			name = LaunchScreen.storyboard;
			sourceTree = "<group>";
		};
/* End PBXVariantGroup section */

/* Begin XCBuildConfiguration section */
		F54708A020AEE0230038377B /* Debug */ = {
			isa = XCBuildConfiguration;
			buildSettings = {
				ALWAYS_SEARCH_USER_PATHS = NO;
				CLANG_ANALYZER_NONNULL = YES;
				CLANG_ANALYZER_NUMBER_OBJECT_CONVERSION = YES_AGGRESSIVE;
				CLANG_CXX_LANGUAGE_STANDARD = "gnu++14";
				CLANG_CXX_LIBRARY = "libc++";
				CLANG_ENABLE_MODULES = YES;
				CLANG_ENABLE_OBJC_ARC = YES;
				CLANG_ENABLE_OBJC_WEAK = YES;
				CLANG_WARN_BLOCK_CAPTURE_AUTORELEASING = YES;
				CLANG_WARN_BOOL_CONVERSION = YES;
				CLANG_WARN_COMMA = YES;
				CLANG_WARN_CONSTANT_CONVERSION = YES;
				CLANG_WARN_DEPRECATED_OBJC_IMPLEMENTATIONS = YES;
				CLANG_WARN_DIRECT_OBJC_ISA_USAGE = YES_ERROR;
				CLANG_WARN_DOCUMENTATION_COMMENTS = YES;
				CLANG_WARN_EMPTY_BODY = YES;
				CLANG_WARN_ENUM_CONVERSION = YES;
				CLANG_WARN_INFINITE_RECURSION = YES;
				CLANG_WARN_INT_CONVERSION = YES;
				CLANG_WARN_NON_LITERAL_NULL_CONVERSION = YES;
				CLANG_WARN_OBJC_IMPLICIT_RETAIN_SELF = YES;
				CLANG_WARN_OBJC_LITERAL_CONVERSION = YES;
				CLANG_WARN_OBJC_ROOT_CLASS = YES_ERROR;
				CLANG_WARN_RANGE_LOOP_ANALYSIS = YES;
				CLANG_WARN_STRICT_PROTOTYPES = YES;
				CLANG_WARN_SUSPICIOUS_MOVE = YES;
				CLANG_WARN_UNGUARDED_AVAILABILITY = YES_AGGRESSIVE;
				CLANG_WARN_UNREACHABLE_CODE = YES;
				CLANG_WARN__DUPLICATE_METHOD_MATCH = YES;
				CODE_SIGN_IDENTITY = "iPhone Developer";
				COPY_PHASE_STRIP = NO;
				DEBUG_INFORMATION_FORMAT = dwarf;
				ENABLE_STRICT_OBJC_MSGSEND = YES;
				ENABLE_TESTABILITY = YES;
				GCC_C_LANGUAGE_STANDARD = gnu11;
				GCC_DYNAMIC_NO_PIC = NO;
				GCC_NO_COMMON_BLOCKS = YES;
				GCC_OPTIMIZATION_LEVEL = 0;
				GCC_PREPROCESSOR_DEFINITIONS = (
					"DEBUG=1",
					"$(inherited)",
				);
				GCC_WARN_64_TO_32_BIT_CONVERSION = YES;
				GCC_WARN_ABOUT_RETURN_TYPE = YES_ERROR;
				GCC_WARN_UNDECLARED_SELECTOR = YES;
				GCC_WARN_UNINITIALIZED_AUTOS = YES_AGGRESSIVE;
				GCC_WARN_UNUSED_FUNCTION = YES;
				GCC_WARN_UNUSED_VARIABLE = YES;
				IPHONEOS_DEPLOYMENT_TARGET = 11.3;
				MTL_ENABLE_DEBUG_INFO = YES;
				ONLY_ACTIVE_ARCH = YES;
				SDKROOT = iphoneos;
				SWIFT_ACTIVE_COMPILATION_CONDITIONS = DEBUG;
				SWIFT_OPTIMIZATION_LEVEL = "-Onone";
			};
			name = Debug;
		};
		F54708A120AEE0230038377B /* Release */ = {
			isa = XCBuildConfiguration;
			buildSettings = {
				ALWAYS_SEARCH_USER_PATHS = NO;
				CLANG_ANALYZER_NONNULL = YES;
				CLANG_ANALYZER_NUMBER_OBJECT_CONVERSION = YES_AGGRESSIVE;
				CLANG_CXX_LANGUAGE_STANDARD = "gnu++14";
				CLANG_CXX_LIBRARY = "libc++";
				CLANG_ENABLE_MODULES = YES;
				CLANG_ENABLE_OBJC_ARC = YES;
				CLANG_ENABLE_OBJC_WEAK = YES;
				CLANG_WARN_BLOCK_CAPTURE_AUTORELEASING = YES;
				CLANG_WARN_BOOL_CONVERSION = YES;
				CLANG_WARN_COMMA = YES;
				CLANG_WARN_CONSTANT_CONVERSION = YES;
				CLANG_WARN_DEPRECATED_OBJC_IMPLEMENTATIONS = YES;
				CLANG_WARN_DIRECT_OBJC_ISA_USAGE = YES_ERROR;
				CLANG_WARN_DOCUMENTATION_COMMENTS = YES;
				CLANG_WARN_EMPTY_BODY = YES;
				CLANG_WARN_ENUM_CONVERSION = YES;
				CLANG_WARN_INFINITE_RECURSION = YES;
				CLANG_WARN_INT_CONVERSION = YES;
				CLANG_WARN_NON_LITERAL_NULL_CONVERSION = YES;
				CLANG_WARN_OBJC_IMPLICIT_RETAIN_SELF = YES;
				CLANG_WARN_OBJC_LITERAL_CONVERSION = YES;
				CLANG_WARN_OBJC_ROOT_CLASS = YES_ERROR;
				CLANG_WARN_RANGE_LOOP_ANALYSIS = YES;
				CLANG_WARN_STRICT_PROTOTYPES = YES;
				CLANG_WARN_SUSPICIOUS_MOVE = YES;
				CLANG_WARN_UNGUARDED_AVAILABILITY = YES_AGGRESSIVE;
				CLANG_WARN_UNREACHABLE_CODE = YES;
				CLANG_WARN__DUPLICATE_METHOD_MATCH = YES;
				CODE_SIGN_IDENTITY = "iPhone Developer";
				COPY_PHASE_STRIP = NO;
				DEBUG_INFORMATION_FORMAT = "dwarf-with-dsym";
				ENABLE_NS_ASSERTIONS = NO;
				ENABLE_STRICT_OBJC_MSGSEND = YES;
				GCC_C_LANGUAGE_STANDARD = gnu11;
				GCC_NO_COMMON_BLOCKS = YES;
				GCC_WARN_64_TO_32_BIT_CONVERSION = YES;
				GCC_WARN_ABOUT_RETURN_TYPE = YES_ERROR;
				GCC_WARN_UNDECLARED_SELECTOR = YES;
				GCC_WARN_UNINITIALIZED_AUTOS = YES_AGGRESSIVE;
				GCC_WARN_UNUSED_FUNCTION = YES;
				GCC_WARN_UNUSED_VARIABLE = YES;
				IPHONEOS_DEPLOYMENT_TARGET = 11.3;
				MTL_ENABLE_DEBUG_INFO = NO;
				SDKROOT = iphoneos;
				SWIFT_COMPILATION_MODE = wholemodule;
				SWIFT_OPTIMIZATION_LEVEL = "-O";
				VALIDATE_PRODUCT = YES;
			};
			name = Release;
		};
		F54708A320AEE0230038377B /* Debug */ = {
			isa = XCBuildConfiguration;
			baseConfigurationReference = 69A3AF797C3620671D745808 /* Pods-MyRearGuardHeartRateMonitor.debug.xcconfig */;
			buildSettings = {
				ASSETCATALOG_COMPILER_APPICON_NAME = AppIcon;
				CODE_SIGN_ENTITLEMENTS = MyRearGuardHeartRateMonitor/MyRearGuardHeartRateMonitor.entitlements;
				CODE_SIGN_STYLE = Automatic;
				DEVELOPMENT_TEAM = 8RA47K2Q59;
				INFOPLIST_FILE = MyRearGuardHeartRateMonitor/Info.plist;
				LD_RUNPATH_SEARCH_PATHS = (
					"$(inherited)",
					"@executable_path/Frameworks",
				);
				PRODUCT_BUNDLE_IDENTIFIER = com.myrearguard.MyRearGuard;
				PRODUCT_NAME = "$(TARGET_NAME)";
				SWIFT_VERSION = 4.0;
				TARGETED_DEVICE_FAMILY = "1,2";
			};
			name = Debug;
		};
		F54708A420AEE0230038377B /* Release */ = {
			isa = XCBuildConfiguration;
			baseConfigurationReference = DCF3DEA343424EF0136578E8 /* Pods-MyRearGuardHeartRateMonitor.release.xcconfig */;
			buildSettings = {
				ASSETCATALOG_COMPILER_APPICON_NAME = AppIcon;
				CODE_SIGN_ENTITLEMENTS = MyRearGuardHeartRateMonitor/MyRearGuardHeartRateMonitor.entitlements;
				CODE_SIGN_STYLE = Automatic;
				DEVELOPMENT_TEAM = 8RA47K2Q59;
				INFOPLIST_FILE = MyRearGuardHeartRateMonitor/Info.plist;
				LD_RUNPATH_SEARCH_PATHS = (
					"$(inherited)",
					"@executable_path/Frameworks",
				);
				PRODUCT_BUNDLE_IDENTIFIER = com.myrearguard.MyRearGuard;
				PRODUCT_NAME = "$(TARGET_NAME)";
				SWIFT_VERSION = 4.0;
				TARGETED_DEVICE_FAMILY = "1,2";
			};
			name = Release;
		};
		F54708A620AEE0230038377B /* Debug */ = {
			isa = XCBuildConfiguration;
			buildSettings = {
				ALWAYS_EMBED_SWIFT_STANDARD_LIBRARIES = YES;
				BUNDLE_LOADER = "$(TEST_HOST)";
				CODE_SIGN_STYLE = Automatic;
				INFOPLIST_FILE = MyRearGuardHeartRateMonitorTests/Info.plist;
				LD_RUNPATH_SEARCH_PATHS = (
					"$(inherited)",
					"@executable_path/Frameworks",
					"@loader_path/Frameworks",
				);
				PRODUCT_BUNDLE_IDENTIFIER = com.myrearguard.MyRearGuardHeartRateMonitorTests;
				PRODUCT_NAME = "$(TARGET_NAME)";
				SWIFT_VERSION = 4.0;
				TARGETED_DEVICE_FAMILY = "1,2";
				TEST_HOST = "$(BUILT_PRODUCTS_DIR)/MyRearGuardHeartRateMonitor.app/MyRearGuardHeartRateMonitor";
			};
			name = Debug;
		};
		F54708A720AEE0230038377B /* Release */ = {
			isa = XCBuildConfiguration;
			buildSettings = {
				ALWAYS_EMBED_SWIFT_STANDARD_LIBRARIES = YES;
				BUNDLE_LOADER = "$(TEST_HOST)";
				CODE_SIGN_STYLE = Automatic;
				INFOPLIST_FILE = MyRearGuardHeartRateMonitorTests/Info.plist;
				LD_RUNPATH_SEARCH_PATHS = (
					"$(inherited)",
					"@executable_path/Frameworks",
					"@loader_path/Frameworks",
				);
				PRODUCT_BUNDLE_IDENTIFIER = com.myrearguard.MyRearGuardHeartRateMonitorTests;
				PRODUCT_NAME = "$(TARGET_NAME)";
				SWIFT_VERSION = 4.0;
				TARGETED_DEVICE_FAMILY = "1,2";
				TEST_HOST = "$(BUILT_PRODUCTS_DIR)/MyRearGuardHeartRateMonitor.app/MyRearGuardHeartRateMonitor";
			};
			name = Release;
		};
		F54708A920AEE0230038377B /* Debug */ = {
			isa = XCBuildConfiguration;
			buildSettings = {
				ALWAYS_EMBED_SWIFT_STANDARD_LIBRARIES = YES;
				CODE_SIGN_STYLE = Automatic;
				INFOPLIST_FILE = MyRearGuardHeartRateMonitorUITests/Info.plist;
				LD_RUNPATH_SEARCH_PATHS = (
					"$(inherited)",
					"@executable_path/Frameworks",
					"@loader_path/Frameworks",
				);
				PRODUCT_BUNDLE_IDENTIFIER = com.myrearguard.MyRearGuardHeartRateMonitorUITests;
				PRODUCT_NAME = "$(TARGET_NAME)";
				SWIFT_VERSION = 4.0;
				TARGETED_DEVICE_FAMILY = "1,2";
				TEST_TARGET_NAME = MyRearGuardHeartRateMonitor;
			};
			name = Debug;
		};
		F54708AA20AEE0230038377B /* Release */ = {
			isa = XCBuildConfiguration;
			buildSettings = {
				ALWAYS_EMBED_SWIFT_STANDARD_LIBRARIES = YES;
				CODE_SIGN_STYLE = Automatic;
				INFOPLIST_FILE = MyRearGuardHeartRateMonitorUITests/Info.plist;
				LD_RUNPATH_SEARCH_PATHS = (
					"$(inherited)",
					"@executable_path/Frameworks",
					"@loader_path/Frameworks",
				);
				PRODUCT_BUNDLE_IDENTIFIER = com.myrearguard.MyRearGuardHeartRateMonitorUITests;
				PRODUCT_NAME = "$(TARGET_NAME)";
				SWIFT_VERSION = 4.0;
				TARGETED_DEVICE_FAMILY = "1,2";
				TEST_TARGET_NAME = MyRearGuardHeartRateMonitor;
			};
			name = Release;
		};
		F54708E720AF0E9A0038377B /* Debug */ = {
			isa = XCBuildConfiguration;
			baseConfigurationReference = FB420A3CBEB25EB144C884C9 /* Pods-MyRearGuardHeartMonitor.debug.xcconfig */;
			buildSettings = {
				ASSETCATALOG_COMPILER_APPICON_NAME = AppIcon;
				CODE_SIGN_STYLE = Automatic;
				DEVELOPMENT_TEAM = 8RA47K2Q59;
				INFOPLIST_FILE = MyRearGuardHeartMonitor/Info.plist;
				LD_RUNPATH_SEARCH_PATHS = (
					"$(inherited)",
					"@executable_path/Frameworks",
				);
				PRODUCT_BUNDLE_IDENTIFIER = com.myrearguard.MyRearGuardHeartMonitor;
				PRODUCT_NAME = "$(TARGET_NAME)";
				SWIFT_VERSION = 4.0;
				TARGETED_DEVICE_FAMILY = "1,2";
			};
			name = Debug;
		};
		F54708E820AF0E9A0038377B /* Release */ = {
			isa = XCBuildConfiguration;
			baseConfigurationReference = 2EFF508A32BE4FB0787BDF39 /* Pods-MyRearGuardHeartMonitor.release.xcconfig */;
			buildSettings = {
				ASSETCATALOG_COMPILER_APPICON_NAME = AppIcon;
				CODE_SIGN_STYLE = Automatic;
				DEVELOPMENT_TEAM = 8RA47K2Q59;
				INFOPLIST_FILE = MyRearGuardHeartMonitor/Info.plist;
				LD_RUNPATH_SEARCH_PATHS = (
					"$(inherited)",
					"@executable_path/Frameworks",
				);
				PRODUCT_BUNDLE_IDENTIFIER = com.myrearguard.MyRearGuardHeartMonitor;
				PRODUCT_NAME = "$(TARGET_NAME)";
				SWIFT_VERSION = 4.0;
				TARGETED_DEVICE_FAMILY = "1,2";
			};
			name = Release;
		};
		F54708EA20AF0E9A0038377B /* Debug */ = {
			isa = XCBuildConfiguration;
			buildSettings = {
				BUNDLE_LOADER = "$(TEST_HOST)";
				CODE_SIGN_STYLE = Automatic;
				DEVELOPMENT_TEAM = 8RA47K2Q59;
				INFOPLIST_FILE = MyRearGuardHeartMonitorTests/Info.plist;
				LD_RUNPATH_SEARCH_PATHS = (
					"$(inherited)",
					"@executable_path/Frameworks",
					"@loader_path/Frameworks",
				);
				PRODUCT_BUNDLE_IDENTIFIER = com.myrearguard.MyRearGuardHeartMonitorTests;
				PRODUCT_NAME = "$(TARGET_NAME)";
				SWIFT_VERSION = 4.0;
				TARGETED_DEVICE_FAMILY = "1,2";
				TEST_HOST = "$(BUILT_PRODUCTS_DIR)/MyRearGuardHeartMonitor.app/MyRearGuardHeartMonitor";
			};
			name = Debug;
		};
		F54708EB20AF0E9A0038377B /* Release */ = {
			isa = XCBuildConfiguration;
			buildSettings = {
				BUNDLE_LOADER = "$(TEST_HOST)";
				CODE_SIGN_STYLE = Automatic;
				DEVELOPMENT_TEAM = 8RA47K2Q59;
				INFOPLIST_FILE = MyRearGuardHeartMonitorTests/Info.plist;
				LD_RUNPATH_SEARCH_PATHS = (
					"$(inherited)",
					"@executable_path/Frameworks",
					"@loader_path/Frameworks",
				);
				PRODUCT_BUNDLE_IDENTIFIER = com.myrearguard.MyRearGuardHeartMonitorTests;
				PRODUCT_NAME = "$(TARGET_NAME)";
				SWIFT_VERSION = 4.0;
				TARGETED_DEVICE_FAMILY = "1,2";
				TEST_HOST = "$(BUILT_PRODUCTS_DIR)/MyRearGuardHeartMonitor.app/MyRearGuardHeartMonitor";
			};
			name = Release;
		};
		F54708ED20AF0E9A0038377B /* Debug */ = {
			isa = XCBuildConfiguration;
			buildSettings = {
				CODE_SIGN_STYLE = Automatic;
				DEVELOPMENT_TEAM = 8RA47K2Q59;
				INFOPLIST_FILE = MyRearGuardHeartMonitorUITests/Info.plist;
				LD_RUNPATH_SEARCH_PATHS = (
					"$(inherited)",
					"@executable_path/Frameworks",
					"@loader_path/Frameworks",
				);
				PRODUCT_BUNDLE_IDENTIFIER = com.myrearguard.MyRearGuardHeartMonitorUITests;
				PRODUCT_NAME = "$(TARGET_NAME)";
				SWIFT_VERSION = 4.0;
				TARGETED_DEVICE_FAMILY = "1,2";
				TEST_TARGET_NAME = MyRearGuardHeartMonitor;
			};
			name = Debug;
		};
		F54708EE20AF0E9A0038377B /* Release */ = {
			isa = XCBuildConfiguration;
			buildSettings = {
				CODE_SIGN_STYLE = Automatic;
				DEVELOPMENT_TEAM = 8RA47K2Q59;
				INFOPLIST_FILE = MyRearGuardHeartMonitorUITests/Info.plist;
				LD_RUNPATH_SEARCH_PATHS = (
					"$(inherited)",
					"@executable_path/Frameworks",
					"@loader_path/Frameworks",
				);
				PRODUCT_BUNDLE_IDENTIFIER = com.myrearguard.MyRearGuardHeartMonitorUITests;
				PRODUCT_NAME = "$(TARGET_NAME)";
				SWIFT_VERSION = 4.0;
				TARGETED_DEVICE_FAMILY = "1,2";
				TEST_TARGET_NAME = MyRearGuardHeartMonitor;
			};
			name = Release;
		};
/* End XCBuildConfiguration section */

/* Begin XCConfigurationList section */
		F547087520AEE0220038377B /* Build configuration list for PBXProject "MyRearGuardHeartRateMonitor" */ = {
			isa = XCConfigurationList;
			buildConfigurations = (
				F54708A020AEE0230038377B /* Debug */,
				F54708A120AEE0230038377B /* Release */,
			);
			defaultConfigurationIsVisible = 0;
			defaultConfigurationName = Release;
		};
		F54708A220AEE0230038377B /* Build configuration list for PBXNativeTarget "MyRearGuardHeartRateMonitor" */ = {
			isa = XCConfigurationList;
			buildConfigurations = (
				F54708A320AEE0230038377B /* Debug */,
				F54708A420AEE0230038377B /* Release */,
			);
			defaultConfigurationIsVisible = 0;
			defaultConfigurationName = Release;
		};
		F54708A520AEE0230038377B /* Build configuration list for PBXNativeTarget "MyRearGuardHeartRateMonitorTests" */ = {
			isa = XCConfigurationList;
			buildConfigurations = (
				F54708A620AEE0230038377B /* Debug */,
				F54708A720AEE0230038377B /* Release */,
			);
			defaultConfigurationIsVisible = 0;
			defaultConfigurationName = Release;
		};
		F54708A820AEE0230038377B /* Build configuration list for PBXNativeTarget "MyRearGuardHeartRateMonitorUITests" */ = {
			isa = XCConfigurationList;
			buildConfigurations = (
				F54708A920AEE0230038377B /* Debug */,
				F54708AA20AEE0230038377B /* Release */,
			);
			defaultConfigurationIsVisible = 0;
			defaultConfigurationName = Release;
		};
		F54708E620AF0E9A0038377B /* Build configuration list for PBXNativeTarget "MyRearGuardHeartMonitor" */ = {
			isa = XCConfigurationList;
			buildConfigurations = (
				F54708E720AF0E9A0038377B /* Debug */,
				F54708E820AF0E9A0038377B /* Release */,
			);
			defaultConfigurationIsVisible = 0;
			defaultConfigurationName = Release;
		};
		F54708E920AF0E9A0038377B /* Build configuration list for PBXNativeTarget "MyRearGuardHeartMonitorTests" */ = {
			isa = XCConfigurationList;
			buildConfigurations = (
				F54708EA20AF0E9A0038377B /* Debug */,
				F54708EB20AF0E9A0038377B /* Release */,
			);
			defaultConfigurationIsVisible = 0;
			defaultConfigurationName = Release;
		};
		F54708EC20AF0E9A0038377B /* Build configuration list for PBXNativeTarget "MyRearGuardHeartMonitorUITests" */ = {
			isa = XCConfigurationList;
			buildConfigurations = (
				F54708ED20AF0E9A0038377B /* Debug */,
				F54708EE20AF0E9A0038377B /* Release */,
			);
			defaultConfigurationIsVisible = 0;
			defaultConfigurationName = Release;
		};
/* End XCConfigurationList section */
	};
	rootObject = F547087220AEE0220038377B /* Project object */;
}
